{
  "name": "lambdas",
  "version": "1.0.0",
  "lockfileVersion": 2,
  "requires": true,
  "packages": {
    "": {
      "name": "lambdas",
      "version": "1.0.0",
      "license": "ISC",
      "dependencies": {
        "async": "^3.2.3",
        "gremlin": "^3.6.0"
      },
      "devDependencies": {
        "@types/async": "^3.2.12",
        "@types/gremlin": "^3.5.2"
      }
    },
    "node_modules/@types/async": {
      "version": "3.2.12",
      "resolved": "https://registry.npmjs.org/@types/async/-/async-3.2.12.tgz",
      "integrity": "sha512-4i4w4tfNDo73BOjk0qHcB2YJ8A2SjITCrU4BTsgdJFTsVr6atPDXa0T9r0QZTrX3axtWwkqpZqF4B3gR0TqBGw==",
      "dev": true
    },
    "node_modules/@types/gremlin": {
      "version": "3.5.2",
      "resolved": "https://registry.npmjs.org/@types/gremlin/-/gremlin-3.5.2.tgz",
      "integrity": "sha512-guOs0Y7ZiZAd12kf86KmyzxvwmmVYznXy+/jbiO9tPViLUCSUT9JtJ/lHMSast/yxJpkkd2a3VG7+kgwqax9WA==",
      "dev": true
    },
    "node_modules/async": {
      "version": "3.2.3",
      "resolved": "https://registry.npmjs.org/async/-/async-3.2.3.tgz",
      "integrity": "sha512-spZRyzKL5l5BZQrr/6m/SqFdBN0q3OCI0f9rjfBzCMBIP4p75P620rR3gTmaksNOhmzgdxcaxdNfMy6anrbM0g=="
    },
    "node_modules/async-limiter": {
      "version": "1.0.1",
      "resolved": "https://registry.npmjs.org/async-limiter/-/async-limiter-1.0.1.tgz",
      "integrity": "sha512-csOlWGAcRFJaI6m+F2WKdnMKr4HhdhFVBk0H/QbJFMCr+uO2kwohwXQPxw/9OCxp05r5ghVBFSyioixx3gfkNQ=="
    },
    "node_modules/gremlin": {
      "version": "3.6.0",
      "resolved": "https://registry.npmjs.org/gremlin/-/gremlin-3.6.0.tgz",
      "integrity": "sha512-ARcks6ZoV2pAyKZBih1lNh5yfRqLvOoBcqz9eNe7FMNoIDjKaop0yw54UNJyrYFjIS6x3S7tUzYW7UmVDx0esQ==",
      "dependencies": {
        "ws": "^6.2.2"
      },
      "engines": {
        "node": ">=10"
      }
    },
    "node_modules/ws": {
      "version": "6.2.2",
      "resolved": "https://registry.npmjs.org/ws/-/ws-6.2.2.tgz",
      "integrity": "sha512-zmhltoSR8u1cnDsD43TX59mzoMZsLKqUweyYBAIvTngR3shc0W6aOZylZmq/7hqyVxPdi+5Ud2QInblgyE72fw==",
      "dependencies": {
        "async-limiter": "~1.0.0"
      }
    }
  },
  "dependencies": {
    "@types/async": {
      "version": "3.2.12",
      "resolved": "https://registry.npmjs.org/@types/async/-/async-3.2.12.tgz",
      "integrity": "sha512-4i4w4tfNDo73BOjk0qHcB2YJ8A2SjITCrU4BTsgdJFTsVr6atPDXa0T9r0QZTrX3axtWwkqpZqF4B3gR0TqBGw==",
      "dev": true
    },
    "@types/gremlin": {
      "version": "3.5.2",
      "resolved": "https://registry.npmjs.org/@types/gremlin/-/gremlin-3.5.2.tgz",
      "integrity": "sha512-guOs0Y7ZiZAd12kf86KmyzxvwmmVYznXy+/jbiO9tPViLUCSUT9JtJ/lHMSast/yxJpkkd2a3VG7+kgwqax9WA==",
      "dev": true
    },
    "async": {
      "version": "3.2.3",
      "resolved": "https://registry.npmjs.org/async/-/async-3.2.3.tgz",
      "integrity": "sha512-spZRyzKL5l5BZQrr/6m/SqFdBN0q3OCI0f9rjfBzCMBIP4p75P620rR3gTmaksNOhmzgdxcaxdNfMy6anrbM0g=="
    },
    "async-limiter": {
      "version": "1.0.1",
      "resolved": "https://registry.npmjs.org/async-limiter/-/async-limiter-1.0.1.tgz",
      "integrity": "sha512-csOlWGAcRFJaI6m+F2WKdnMKr4HhdhFVBk0H/QbJFMCr+uO2kwohwXQPxw/9OCxp05r5ghVBFSyioixx3gfkNQ=="
    },
    "gremlin": {
      "version": "3.6.0",
      "resolved": "https://registry.npmjs.org/gremlin/-/gremlin-3.6.0.tgz",
      "integrity": "sha512-ARcks6ZoV2pAyKZBih1lNh5yfRqLvOoBcqz9eNe7FMNoIDjKaop0yw54UNJyrYFjIS6x3S7tUzYW7UmVDx0esQ==",
      "requires": {
        "ws": "^6.2.2"
      }
    },
    "ws": {
      "version": "6.2.2",
      "resolved": "https://registry.npmjs.org/ws/-/ws-6.2.2.tgz",
      "integrity": "sha512-zmhltoSR8u1cnDsD43TX59mzoMZsLKqUweyYBAIvTngR3shc0W6aOZylZmq/7hqyVxPdi+5Ud2QInblgyE72fw==",
      "requires": {
        "async-limiter": "~1.0.0"
      }
    }
  }
}
